
Microsoft Visual Studio Solution File, Format Version 12.00
# Visual Studio Version 17
VisualStudioVersion = 17.4.33110.190
MinimumVisualStudioVersion = 10.0.40219.1
Project("{FAE04EC0-301F-11D3-BF4B-00C04F79EFBC}") = "палиндром", "палиндром\палиндром.csproj", "{30C24AE4-6A8A-4C50-97BC-00CC3141C719}"
EndProject
Global
	GlobalSection(SolutionConfigurationPlatforms) = preSolution
		Debug|Any CPU = Debug|Any CPU
		Release|Any CPU = Release|Any CPU
	EndGlobalSection
	GlobalSection(ProjectConfigurationPlatforms) = postSolution
		{30C24AE4-6A8A-4C50-97BC-00CC3141C719}.Debug|Any CPU.ActiveCfg = Debug|Any CPU
		{30C24AE4-6A8A-4C50-97BC-00CC3141C719}.Debug|Any CPU.Build.0 = Debug|Any CPU
		{30C24AE4-6A8A-4C50-97BC-00CC3141C719}.Release|Any CPU.ActiveCfg = Release|Any CPU
		{30C24AE4-6A8A-4C50-97BC-00CC3141C719}.Release|Any CPU.Build.0 = Release|Any CPU
	EndGlobalSection
	GlobalSection(SolutionProperties) = preSolution
		HideSolutionNode = FALSE
	EndGlobalSection
	GlobalSection(ExtensibilityGlobals) = postSolution
		SolutionGuid = {0A1A7758-1F53-42E2-B26A-500D2EF2C167}
	EndGlobalSection
EndGlobal
